
Microsoft Visual Studio Solution File, Format Version 12.00
# Visual Studio Version 17
VisualStudioVersion = 17.10.35027.167
MinimumVisualStudioVersion = 10.0.40219.1
Project("{FAE04EC0-301F-11D3-BF4B-00C04F79EFBC}") = "VuslatProject", "VuslatProject\VuslatProject.csproj", "{961BF0E2-0B6D-4F7F-B7D1-DA5A1FD508E9}"
EndProject
Global
	GlobalSection(SolutionConfigurationPlatforms) = preSolution
		Debug|Any CPU = Debug|Any CPU
		Release|Any CPU = Release|Any CPU
	EndGlobalSection
	GlobalSection(ProjectConfigurationPlatforms) = postSolution
		{961BF0E2-0B6D-4F7F-B7D1-DA5A1FD508E9}.Debug|Any CPU.ActiveCfg = Debug|Any CPU
		{961BF0E2-0B6D-4F7F-B7D1-DA5A1FD508E9}.Debug|Any CPU.Build.0 = Debug|Any CPU
		{961BF0E2-0B6D-4F7F-B7D1-DA5A1FD508E9}.Release|Any CPU.ActiveCfg = Release|Any CPU
		{961BF0E2-0B6D-4F7F-B7D1-DA5A1FD508E9}.Release|Any CPU.Build.0 = Release|Any CPU
	EndGlobalSection
	GlobalSection(SolutionProperties) = preSolution
		HideSolutionNode = FALSE
	EndGlobalSection
	GlobalSection(ExtensibilityGlobals) = postSolution
		SolutionGuid = {D4C73F98-7470-4B4A-8AC7-CCFB2D7452FB}
	EndGlobalSection
EndGlobal
